# This file is automatically @generated by Cargo.
# It is not intended for manual editing.
version = 3

[[package]]
name = "aes"
version = "0.4.0"
source = "registry+https://github.com/rust-lang/crates.io-index"
checksum = "f7001367fde4c768a19d1029f0a8be5abd9308e1119846d5bd9ad26297b8faf5"
dependencies = [
 "aes-soft",
 "aesni",
 "block-cipher",
]

[[package]]
name = "aes-soft"
version = "0.4.0"
source = "registry+https://github.com/rust-lang/crates.io-index"
checksum = "4925647ee64e5056cf231608957ce7c81e12d6d6e316b9ce1404778cc1d35fa7"
dependencies = [
 "block-cipher",
 "byteorder",
 "opaque-debug",
]

[[package]]
name = "aesni"
version = "0.7.0"
source = "registry+https://github.com/rust-lang/crates.io-index"
checksum = "d050d39b0b7688b3a3254394c3e30a9d66c41dcf9b05b0e2dbdc623f6505d264"
dependencies = [
 "block-cipher",
 "opaque-debug",
]

[[package]]
name = "aho-corasick"
version = "0.7.18"
source = "registry+https://github.com/rust-lang/crates.io-index"
checksum = "1e37cfd5e7657ada45f742d6e99ca5788580b5c529dc78faf11ece6dc702656f"
dependencies = [
 "memchr",
]

[[package]]
name = "aligned"
version = "0.3.4"
source = "registry+https://github.com/rust-lang/crates.io-index"
checksum = "c19796bd8d477f1a9d4ac2465b464a8b1359474f06a96bb3cda650b4fca309bf"
dependencies = [
 "as-slice",
]

[[package]]
name = "ansi_term"
version = "0.11.0"
source = "registry+https://github.com/rust-lang/crates.io-index"
checksum = "ee49baf6cb617b853aa8d93bf420db2383fab46d314482ca2803b40d5fde979b"
dependencies = [
 "winapi",
]

[[package]]
name = "app"
version = "0.1.0"
dependencies = [
 "lorawan-encoding",
]

[[package]]
name = "as-slice"
version = "0.1.5"
source = "registry+https://github.com/rust-lang/crates.io-index"
checksum = "45403b49e3954a4b8428a0ac21a4b7afadccf92bfd96273f1a58cd4812496ae0"
dependencies = [
 "generic-array 0.12.4",
 "generic-array 0.13.3",
 "generic-array 0.14.4",
 "stable_deref_trait",
]

[[package]]
name = "atomic-polyfill"
version = "0.1.2"
source = "registry+https://github.com/rust-lang/crates.io-index"
checksum = "30302dda7a66f8c55932ebf208f7def840743ff64d495e9ceffcd97c18f11d39"
dependencies = [
 "cortex-m 0.7.3",
]

[[package]]
name = "atty"
version = "0.2.14"
source = "registry+https://github.com/rust-lang/crates.io-index"
checksum = "d9b39be18770d11421cdb1b9947a45dd3f37e93092cbf377614828a319d5fee8"
dependencies = [
 "hermit-abi",
 "libc",
 "winapi",
]

[[package]]
name = "az"
version = "1.1.1"
source = "registry+https://github.com/rust-lang/crates.io-index"
checksum = "822d7d63e0c0260a050f6b1f0d316f5c79b9eab830aca526ed904e1011bd64ca"

[[package]]
name = "bare-metal"
version = "0.2.5"
source = "registry+https://github.com/rust-lang/crates.io-index"
checksum = "5deb64efa5bd81e31fcd1938615a6d98c82eafcbcd787162b6f63b91d6bac5b3"
dependencies = [
 "rustc_version 0.2.3",
]

[[package]]
name = "bindgen"
version = "0.56.0"
source = "registry+https://github.com/rust-lang/crates.io-index"
checksum = "2da379dbebc0b76ef63ca68d8fc6e71c0f13e59432e0987e508c1820e6ab5239"
dependencies = [
 "bitflags",
 "cexpr",
 "clang-sys",
 "clap",
 "env_logger",
 "lazy_static",
 "lazycell",
 "log",
 "peeking_take_while",
 "proc-macro2",
 "quote",
 "regex",
 "rustc-hash",
 "shlex",
 "which",
]

[[package]]
name = "bitfield"
version = "0.13.2"
source = "registry+https://github.com/rust-lang/crates.io-index"
checksum = "46afbd2983a5d5a7bd740ccb198caf5b82f45c40c09c0eed36052d91cb92e719"

[[package]]
name = "bitflags"
version = "1.2.1"
source = "registry+https://github.com/rust-lang/crates.io-index"
checksum = "cf1de2fe8c75bc145a2f577add951f8134889b4795d47466a54a5c846d691693"

[[package]]
name = "block-cipher"
version = "0.7.1"
source = "registry+https://github.com/rust-lang/crates.io-index"
checksum = "fa136449e765dc7faa244561ccae839c394048667929af599b5d931ebe7b7f10"
dependencies = [
 "generic-array 0.14.4",
]

[[package]]
name = "bme680"
version = "0.6.0"
source = "registry+https://github.com/rust-lang/crates.io-index"
checksum = "a7c32c5b6119009885390651a97833af8cd0ad87bd4528bec9c8c0554778ef43"
dependencies = [
 "bitflags",
 "embedded-hal",
 "log",
]

[[package]]
name = "bytemuck"
version = "1.7.0"
source = "registry+https://github.com/rust-lang/crates.io-index"
checksum = "9966d2ab714d0f785dbac0a0396251a35280aeb42413281617d0209ab4898435"

[[package]]
name = "byteorder"
version = "1.4.3"
source = "registry+https://github.com/rust-lang/crates.io-index"
checksum = "14c189c53d098945499cdfa7ecc63567cf3886b3332b312a5b4585d8d3a6a610"

[[package]]
name = "cast"
version = "0.2.7"
source = "registry+https://github.com/rust-lang/crates.io-index"
checksum = "4c24dab4283a142afa2fdca129b80ad2c6284e073930f964c3a1293c225ee39a"
dependencies = [
 "rustc_version 0.4.0",
]

[[package]]
name = "cc"
version = "1.0.69"
source = "registry+https://github.com/rust-lang/crates.io-index"
checksum = "e70cc2f62c6ce1868963827bd677764c62d07c3d9a3e1fb1177ee1a9ab199eb2"

[[package]]
name = "cexpr"
version = "0.4.0"
source = "registry+https://github.com/rust-lang/crates.io-index"
checksum = "f4aedb84272dbe89af497cf81375129abda4fc0a9e7c5d317498c15cc30c0d27"
dependencies = [
 "nom",
]

[[package]]
name = "cfg-if"
version = "1.0.0"
source = "registry+https://github.com/rust-lang/crates.io-index"
checksum = "baf1de4339761588bc0619e3cbc0120ee582ebb74b53b4efbf79117bd2da40fd"

[[package]]
name = "clang-sys"
version = "1.2.0"
source = "registry+https://github.com/rust-lang/crates.io-index"
checksum = "853eda514c284c2287f4bf20ae614f8781f40a81d32ecda6e91449304dfe077c"
dependencies = [
 "glob",
 "libc",
 "libloading",
]

[[package]]
name = "clap"
version = "2.33.3"
source = "registry+https://github.com/rust-lang/crates.io-index"
checksum = "37e58ac78573c40708d45522f0d80fa2f01cc4f9b4e2bf749807255454312002"
dependencies = [
 "ansi_term",
 "atty",
 "bitflags",
 "strsim",
 "textwrap",
 "unicode-width",
 "vec_map",
]

[[package]]
name = "cmac"
version = "0.3.1"
source = "registry+https://github.com/rust-lang/crates.io-index"
checksum = "a681d7c344a6fbe3dcd1565e76dac74eed379c8a9326b29654ae34a718d16a49"
dependencies = [
 "block-cipher",
 "crypto-mac",
 "dbl",
]

[[package]]
name = "cortex-m"
version = "0.6.7"
source = "registry+https://github.com/rust-lang/crates.io-index"
checksum = "9075300b07c6a56263b9b582c214d0ff037b00d45ec9fde1cc711490c56f1bb9"
dependencies = [
 "aligned",
 "bare-metal",
 "bitfield",
 "cortex-m 0.7.3",
 "volatile-register",
]

[[package]]
name = "cortex-m"
version = "0.7.3"
source = "registry+https://github.com/rust-lang/crates.io-index"
checksum = "2ac919ef424449ec8c08d515590ce15d9262c0ca5f0da5b0c901e971a3b783b3"
dependencies = [
 "bare-metal",
 "bitfield",
 "embedded-hal",
 "volatile-register",
]

[[package]]
name = "cortex-m-rt"
version = "0.6.14"
source = "registry+https://github.com/rust-lang/crates.io-index"
checksum = "b6d8353767db816419630a76d5f1ad5b09610d22b67ceb59647df6a8abc667f8"
dependencies = [
 "cortex-m-rt-macros",
 "r0",
]

[[package]]
name = "cortex-m-rt-macros"
version = "0.1.8"
source = "registry+https://github.com/rust-lang/crates.io-index"
checksum = "4717562afbba06e760d34451919f5c3bf3ac15c7bb897e8b04862a7428378647"
dependencies = [
 "proc-macro2",
 "quote",
 "syn",
]

[[package]]
name = "crypto-mac"
version = "0.8.0"
source = "registry+https://github.com/rust-lang/crates.io-index"
checksum = "b584a330336237c1eecd3e94266efb216c56ed91225d634cb2991c5f3fd1aeab"
dependencies = [
 "generic-array 0.14.4",
 "subtle",
]

[[package]]
name = "dbl"
version = "0.3.1"
source = "registry+https://github.com/rust-lang/crates.io-index"
checksum = "37e797687b5f09528a48fcb63b6914d0255b8a6c760699a919af37042f09d9b3"
dependencies = [
 "generic-array 0.14.4",
]

[[package]]
name = "embedded-dma"
version = "0.1.2"
source = "registry+https://github.com/rust-lang/crates.io-index"
checksum = "46c8c02e4347a0267ca60813c952017f4c5948c232474c6010a381a337f1bda4"
dependencies = [
 "stable_deref_trait",
]

[[package]]
name = "embedded-hal"
version = "0.2.5"
source = "registry+https://github.com/rust-lang/crates.io-index"
checksum = "db184d3fa27bc7a2344250394c0264144dfe0bc81a4401801dcb964b8dd172ad"
dependencies = [
 "nb 0.1.3",
 "void",
]

[[package]]
name = "embedded-storage"
version = "0.1.0"
source = "registry+https://github.com/rust-lang/crates.io-index"
checksum = "e57bc460456ce2c829a36ff3bf0cf3d24190557747667e8ff51f31b9291c4f15"

[[package]]
name = "env_logger"
version = "0.8.4"
source = "registry+https://github.com/rust-lang/crates.io-index"
checksum = "a19187fea3ac7e84da7dacf48de0c45d63c6a76f9490dae389aead16c243fce3"
dependencies = [
 "atty",
 "humantime",
 "log",
 "regex",
 "termcolor",
]

[[package]]
name = "fixed"
version = "1.9.0"
source = "registry+https://github.com/rust-lang/crates.io-index"
checksum = "c97cabfe1ce0db024d64e9f688469e80a8e2b36cb792b09ba33e1ee8d21d00ae"
dependencies = [
 "az",
 "bytemuck",
 "half",
 "typenum",
]

[[package]]
name = "generic-array"
version = "0.12.4"
source = "registry+https://github.com/rust-lang/crates.io-index"
checksum = "ffdf9f34f1447443d37393cc6c2b8313aebddcd96906caf34e54c68d8e57d7bd"
dependencies = [
 "typenum",
]

[[package]]
name = "generic-array"
version = "0.13.3"
source = "registry+https://github.com/rust-lang/crates.io-index"
checksum = "f797e67af32588215eaaab8327027ee8e71b9dd0b2b26996aedf20c030fce309"
dependencies = [
 "typenum",
]

[[package]]
name = "generic-array"
version = "0.14.4"
source = "registry+https://github.com/rust-lang/crates.io-index"
checksum = "501466ecc8a30d1d3b7fc9229b122b2ce8ed6e9d9223f1138d4babb253e51817"
dependencies = [
 "typenum",
 "version_check",
]

[[package]]
name = "glob"
version = "0.3.0"
source = "registry+https://github.com/rust-lang/crates.io-index"
checksum = "9b919933a397b79c37e33b77bb2aa3dc8eb6e165ad809e58ff75bc7db2e34574"

[[package]]
name = "half"
version = "1.7.1"
source = "registry+https://github.com/rust-lang/crates.io-index"
checksum = "62aca2aba2d62b4a7f5b33f3712cb1b0692779a56fb510499d5c0aa594daeaf3"

[[package]]
name = "hash32"
version = "0.2.1"
source = "registry+https://github.com/rust-lang/crates.io-index"
checksum = "b0c35f58762feb77d74ebe43bdbc3210f09be9fe6742234d573bacc26ed92b67"
dependencies = [
 "byteorder",
]

[[package]]
name = "heapless"
version = "0.7.6"
source = "registry+https://github.com/rust-lang/crates.io-index"
checksum = "14db22a3fec113074342010bb85a75ba17789244649af8a3178594e0dc97c381"
dependencies = [
 "atomic-polyfill",
 "hash32",
 "serde",
 "spin",
 "stable_deref_trait",
]

[[package]]
name = "hermit-abi"
version = "0.1.19"
source = "registry+https://github.com/rust-lang/crates.io-index"
checksum = "62b467343b94ba476dcb2500d242dadbb39557df889310ac77c5d99100aaac33"
dependencies = [
 "libc",
]

[[package]]
name = "humantime"
version = "2.1.0"
source = "registry+https://github.com/rust-lang/crates.io-index"
checksum = "9a3a5bfb195931eeb336b2a7b4d761daec841b97f947d34394601737a7bba5e4"

[[package]]
name = "lazy_static"
version = "1.4.0"
source = "registry+https://github.com/rust-lang/crates.io-index"
checksum = "e2abad23fbc42b3700f2f279844dc832adb2b2eb069b2df918f455c4e18cc646"

[[package]]
name = "lazycell"
version = "1.3.0"
source = "registry+https://github.com/rust-lang/crates.io-index"
checksum = "830d08ce1d1d941e6b30645f1a0eb5643013d835ce3779a5fc208261dbe10f55"

[[package]]
name = "libc"
version = "0.2.98"
source = "registry+https://github.com/rust-lang/crates.io-index"
checksum = "320cfe77175da3a483efed4bc0adc1968ca050b098ce4f2f1c13a56626128790"

[[package]]
name = "libloading"
version = "0.7.0"
source = "registry+https://github.com/rust-lang/crates.io-index"
checksum = "6f84d96438c15fcd6c3f244c8fce01d1e2b9c6b5623e9c711dc9286d8fc92d6a"
dependencies = [
 "cfg-if",
 "winapi",
]

[[package]]
name = "linked_list_allocator"
version = "0.9.0"
source = "registry+https://github.com/rust-lang/crates.io-index"
checksum = "d0b725207570aa16096962d0b20c79f8a543df2280bd3c903022b9b0b4d7ea68"
dependencies = [
 "spinning_top",
]

[[package]]
name = "lock_api"
version = "0.4.4"
source = "registry+https://github.com/rust-lang/crates.io-index"
checksum = "0382880606dff6d15c9476c416d18690b72742aa7b605bb6dd6ec9030fbf07eb"
dependencies = [
 "scopeguard",
]

[[package]]
name = "log"
version = "0.4.14"
source = "registry+https://github.com/rust-lang/crates.io-index"
checksum = "51b9bbe6c47d51fc3e1a9b945965946b4c44142ab8792c50835a980d362c2710"
dependencies = [
 "cfg-if",
]

[[package]]
name = "lorawan-encoding"
version = "0.6.2"
source = "registry+https://github.com/rust-lang/crates.io-index"
checksum = "bdb0cfc665690ff94561d74ff0725e35c1ede222adb4473e75f8b08b78b8a719"
dependencies = [
 "aes",
 "cmac",
 "generic-array 0.14.4",
]

[[package]]
name = "memchr"
version = "2.4.0"
source = "registry+https://github.com/rust-lang/crates.io-index"
checksum = "b16bd47d9e329435e309c58469fe0791c2d0d1ba96ec0954152a5ae2b04387dc"

[[package]]
name = "menu"
version = "0.3.2"
source = "registry+https://github.com/rust-lang/crates.io-index"
checksum = "b03d7f798bfe97329ad6df937951142eec93886b37d87010502dd25e8cc75fd5"

[[package]]
name = "nb"
version = "0.1.3"
source = "registry+https://github.com/rust-lang/crates.io-index"
checksum = "801d31da0513b6ec5214e9bf433a77966320625a37860f910be265be6e18d06f"
dependencies = [
 "nb 1.0.0",
]

[[package]]
name = "nb"
version = "1.0.0"
source = "registry+https://github.com/rust-lang/crates.io-index"
checksum = "546c37ac5d9e56f55e73b677106873d9d9f5190605e41a856503623648488cae"

[[package]]
name = "nom"
version = "5.1.2"
source = "registry+https://github.com/rust-lang/crates.io-index"
checksum = "ffb4262d26ed83a1c0a33a38fe2bb15797329c85770da05e6b828ddb782627af"
dependencies = [
 "memchr",
 "version_check",
]

[[package]]
name = "nrf-hal-common"
version = "0.12.2"
source = "registry+https://github.com/rust-lang/crates.io-index"
checksum = "567951d43bf21dbda6cc962a92fce46f2cd41f356bbc39d972886964fa567bed"
dependencies = [
 "cast",
 "cfg-if",
 "cortex-m 0.6.7",
 "embedded-dma",
 "embedded-hal",
 "fixed",
 "nb 1.0.0",
 "nrf9160-pac",
 "rand_core 0.5.1",
 "void",
]

[[package]]
name = "nrf-hal-common"
version = "0.13.0"
source = "registry+https://github.com/rust-lang/crates.io-index"
checksum = "927d948c3642ccd6228656760df3ec590ec2c04fa5f4a9b414b23f85540de512"
dependencies = [
 "cast",
 "cfg-if",
 "cortex-m 0.7.3",
 "embedded-dma",
 "embedded-hal",
 "embedded-storage",
 "fixed",
 "nb 1.0.0",
 "nrf9160-pac",
 "rand_core 0.6.3",
 "void",
]

[[package]]
name = "nrf9160-hal"
version = "0.12.2"
source = "registry+https://github.com/rust-lang/crates.io-index"
checksum = "5c38693a52ddb032176b8f9a3478db2a5bac8e8d79fc7aeb4280f27ed86770bb"
dependencies = [
 "embedded-hal",
 "nrf-hal-common 0.12.2",
 "nrf9160-pac",
]

[[package]]
name = "nrf9160-hal"
version = "0.13.0"
source = "registry+https://github.com/rust-lang/crates.io-index"
checksum = "8e7f844937ef790c536b0de4b221954b24c2ad39468e050ef33d6962461c7a7f"
dependencies = [
 "embedded-hal",
 "nrf-hal-common 0.13.0",
 "nrf9160-pac",
]

[[package]]
name = "nrf9160-pac"
version = "0.2.1"
source = "registry+https://github.com/rust-lang/crates.io-index"
checksum = "e3180a8037475ca6400b7c41295be402ac6be7ef509a1b97b71d136a087e45cf"
dependencies = [
 "bare-metal",
 "cortex-m 0.6.7",
 "cortex-m-rt",
 "vcell",
]

[[package]]
name = "nrfxlib"
version = "0.6.0"
source = "registry+https://github.com/rust-lang/crates.io-index"
checksum = "914cd479b0ea928f303a079bc5e052600cb9daf5aa2815acee51ad7c21ba75d3"
dependencies = [
 "cortex-m 0.6.7",
 "heapless",
 "linked_list_allocator",
 "log",
 "nrf9160-pac",
 "nrfxlib-sys",
]

[[package]]
name = "nrfxlib-sys"
version = "1.5.1"
source = "registry+https://github.com/rust-lang/crates.io-index"
checksum = "f0e8425ac64b61c6a064281997316a8dd980fd2de49c227ce45c84e255f08bc9"
dependencies = [
 "bindgen",
 "regex",
]

[[package]]
name = "opaque-debug"
version = "0.2.3"
source = "registry+https://github.com/rust-lang/crates.io-index"
checksum = "2839e79665f131bdb5782e51f2c6c9599c133c6098982a54c794358bf432529c"

[[package]]
name = "panic-halt"
version = "0.2.0"
source = "registry+https://github.com/rust-lang/crates.io-index"
checksum = "de96540e0ebde571dc55c73d60ef407c653844e6f9a1e2fdbd40c07b9252d812"

[[package]]
name = "panic-reset"
version = "0.1.0"
source = "registry+https://github.com/rust-lang/crates.io-index"
checksum = "acee8535a38487c5c70d61ee87284710452cb3b265304463f20a0c5327a4a8a5"
dependencies = [
 "cortex-m 0.6.7",
]

[[package]]
name = "peeking_take_while"
version = "0.1.2"
source = "registry+https://github.com/rust-lang/crates.io-index"
checksum = "19b17cddbe7ec3f8bc800887bab5e717348c95ea2ca0b1bf0837fb964dc67099"

[[package]]
name = "postcard"
version = "0.7.2"
source = "registry+https://github.com/rust-lang/crates.io-index"
checksum = "c8863e251332eb18520388099b8b0acc4810ed6e602e3b6f674e8a46ba20e15c"
dependencies = [
 "heapless",
 "postcard-cobs",
 "serde",
]

[[package]]
name = "postcard-cobs"
version = "0.1.5-pre"
source = "registry+https://github.com/rust-lang/crates.io-index"
checksum = "7c68cb38ed13fd7bc9dd5db8f165b7c8d9c1a315104083a2b10f11354c2af97f"

[[package]]
name = "proc-macro2"
version = "1.0.27"
source = "registry+https://github.com/rust-lang/crates.io-index"
checksum = "f0d8caf72986c1a598726adc988bb5984792ef84f5ee5aa50209145ee8077038"
dependencies = [
 "unicode-xid",
]

[[package]]
name = "quote"
version = "1.0.9"
source = "registry+https://github.com/rust-lang/crates.io-index"
checksum = "c3d0b9745dc2debf507c8422de05d7226cc1f0644216dfdfead988f9b1ab32a7"
dependencies = [
 "proc-macro2",
]

[[package]]
name = "r0"
version = "0.2.2"
source = "registry+https://github.com/rust-lang/crates.io-index"
checksum = "e2a38df5b15c8d5c7e8654189744d8e396bddc18ad48041a500ce52d6948941f"

[[package]]
name = "rand_core"
version = "0.5.1"
source = "registry+https://github.com/rust-lang/crates.io-index"
checksum = "90bde5296fc891b0cef12a6d03ddccc162ce7b2aff54160af9338f8d40df6d19"

[[package]]
name = "rand_core"
version = "0.6.3"
source = "registry+https://github.com/rust-lang/crates.io-index"
checksum = "d34f1408f55294453790c48b2f1ebbb1c5b4b7563eb1f418bcfcfdbb06ebb4e7"

[[package]]
name = "regex"
version = "1.5.4"
source = "registry+https://github.com/rust-lang/crates.io-index"
checksum = "d07a8629359eb56f1e2fb1652bb04212c072a87ba68546a04065d525673ac461"
dependencies = [
 "aho-corasick",
 "memchr",
 "regex-syntax",
]

[[package]]
name = "regex-syntax"
version = "0.6.25"
source = "registry+https://github.com/rust-lang/crates.io-index"
checksum = "f497285884f3fcff424ffc933e56d7cbca511def0c9831a7f9b5f6153e3cc89b"

[[package]]
name = "rustc-hash"
version = "1.1.0"
source = "registry+https://github.com/rust-lang/crates.io-index"
checksum = "08d43f7aa6b08d49f382cde6a7982047c3426db949b1424bc4b7ec9ae12c6ce2"

[[package]]
name = "rustc_version"
version = "0.2.3"
source = "registry+https://github.com/rust-lang/crates.io-index"
checksum = "138e3e0acb6c9fb258b19b67cb8abd63c00679d2851805ea151465464fe9030a"
dependencies = [
 "semver 0.9.0",
]

[[package]]
name = "rustc_version"
version = "0.4.0"
source = "registry+https://github.com/rust-lang/crates.io-index"
checksum = "bfa0f585226d2e68097d4f95d113b15b83a82e819ab25717ec0590d9584ef366"
dependencies = [
 "semver 1.0.3",
]

[[package]]
name = "scopeguard"
version = "1.1.0"
source = "registry+https://github.com/rust-lang/crates.io-index"
checksum = "d29ab0c6d3fc0ee92fe66e2d99f700eab17a8d57d1c1d3b748380fb20baa78cd"

[[package]]
name = "semver"
version = "0.9.0"
source = "registry+https://github.com/rust-lang/crates.io-index"
checksum = "1d7eb9ef2c18661902cc47e535f9bc51b78acd254da71d375c2f6720d9a40403"
dependencies = [
 "semver-parser",
]

[[package]]
name = "semver"
version = "1.0.3"
source = "registry+https://github.com/rust-lang/crates.io-index"
checksum = "5f3aac57ee7f3272d8395c6e4f502f434f0e289fcd62876f70daa008c20dcabe"

[[package]]
name = "semver-parser"
version = "0.7.0"
source = "registry+https://github.com/rust-lang/crates.io-index"
checksum = "388a1df253eca08550bef6c72392cfe7c30914bf41df5269b68cbd6ff8f570a3"

[[package]]
name = "serde"
version = "1.0.130"
source = "registry+https://github.com/rust-lang/crates.io-index"
checksum = "f12d06de37cf59146fbdecab66aa99f9fe4f78722e3607577a5375d66bd0c913"
dependencies = [
 "serde_derive",
]

[[package]]
name = "serde_derive"
version = "1.0.130"
source = "registry+https://github.com/rust-lang/crates.io-index"
checksum = "d7bc1a1ab1961464eae040d96713baa5a724a8152c1222492465b54322ec508b"
dependencies = [
 "proc-macro2",
 "quote",
 "syn",
]

[[package]]
name = "shlex"
version = "0.1.1"
source = "registry+https://github.com/rust-lang/crates.io-index"
checksum = "7fdf1b9db47230893d76faad238fd6097fd6d6a9245cd7a4d90dbd639536bbd2"

[[package]]
name = "spin"
version = "0.9.2"
source = "registry+https://github.com/rust-lang/crates.io-index"
checksum = "511254be0c5bcf062b019a6c89c01a664aa359ded62f78aa72c6fc137c0590e5"
dependencies = [
 "lock_api",
]

[[package]]
name = "spinning_top"
version = "0.2.4"
source = "registry+https://github.com/rust-lang/crates.io-index"
checksum = "75adad84ee84b521fb2cca2d4fd0f1dab1d8d026bda3c5bea4ca63b5f9f9293c"
dependencies = [
 "lock_api",
]

[[package]]
name = "stable_deref_trait"
version = "1.2.0"
source = "registry+https://github.com/rust-lang/crates.io-index"
checksum = "a8f112729512f8e442d81f95a8a7ddf2b7c6b8a1a6f509a95864142b30cab2d3"

[[package]]
name = "strsim"
version = "0.8.0"
source = "registry+https://github.com/rust-lang/crates.io-index"
checksum = "8ea5119cdb4c55b55d432abb513a0429384878c15dde60cc77b1c99de1a95a6a"

[[package]]
name = "subtle"
version = "2.4.1"
source = "registry+https://github.com/rust-lang/crates.io-index"
checksum = "6bdef32e8150c2a081110b42772ffe7d7c9032b606bc226c8260fd97e0976601"

[[package]]
name = "syn"
version = "1.0.73"
source = "registry+https://github.com/rust-lang/crates.io-index"
checksum = "f71489ff30030d2ae598524f61326b902466f72a0fb1a8564c001cc63425bcc7"
dependencies = [
 "proc-macro2",
 "quote",
 "unicode-xid",
]

[[package]]
name = "termcolor"
version = "1.1.2"
source = "registry+https://github.com/rust-lang/crates.io-index"
checksum = "2dfed899f0eb03f32ee8c6a0aabdb8a7949659e3466561fc0adf54e26d88c5f4"
dependencies = [
 "winapi-util",
]

[[package]]
name = "textwrap"
version = "0.11.0"
source = "registry+https://github.com/rust-lang/crates.io-index"
checksum = "d326610f408c7a4eb6f51c37c330e496b08506c9457c9d34287ecc38809fb060"
dependencies = [
 "unicode-width",
]

[[package]]
name = "thingy-91-nrf9160-bsp"
version = "0.1.0"
source = "git+https://github.com/titanclass/thingy-91-nrf9160.git?branch=master#bb43ab8ed5d40ddbdc359b2880e04da5d73d7386"
dependencies = [
 "nrf9160-hal 0.12.2",
]

[[package]]
name = "thingy91-lorawan-nbiot"
version = "0.1.0"
dependencies = [
 "app",
 "bme680",
 "cortex-m 0.7.3",
 "cortex-m-rt",
 "embedded-hal",
 "embedded-storage",
 "heapless",
 "menu",
 "nrf-hal-common 0.13.0",
 "nrf9160-hal 0.13.0",
 "nrfxlib",
 "panic-halt",
 "panic-reset",
 "postcard",
 "serde",
 "thingy-91-nrf9160-bsp",
 "tinyrlibc",
]

[[package]]
name = "tinyrlibc"
version = "0.2.1"
source = "registry+https://github.com/rust-lang/crates.io-index"
checksum = "0a32c64498ed2a4ddefb3b193a361680aac0f6d6d22f7bee56f11ce06cd01c35"
dependencies = [
 "cc",
]

[[package]]
name = "typenum"
version = "1.13.0"
source = "registry+https://github.com/rust-lang/crates.io-index"
checksum = "879f6906492a7cd215bfa4cf595b600146ccfac0c79bcbd1f3000162af5e8b06"

[[package]]
name = "unicode-width"
version = "0.1.8"
source = "registry+https://github.com/rust-lang/crates.io-index"
checksum = "9337591893a19b88d8d87f2cec1e73fad5cdfd10e5a6f349f498ad6ea2ffb1e3"

[[package]]
name = "unicode-xid"
version = "0.2.2"
source = "registry+https://github.com/rust-lang/crates.io-index"
checksum = "8ccb82d61f80a663efe1f787a51b16b5a51e3314d6ac365b08639f52387b33f3"

[[package]]
name = "vcell"
version = "0.1.3"
source = "registry+https://github.com/rust-lang/crates.io-index"
checksum = "77439c1b53d2303b20d9459b1ade71a83c716e3f9c34f3228c00e6f185d6c002"

[[package]]
name = "vec_map"
version = "0.8.2"
source = "registry+https://github.com/rust-lang/crates.io-index"
checksum = "f1bddf1187be692e79c5ffeab891132dfb0f236ed36a43c7ed39f1165ee20191"

[[package]]
name = "version_check"
version = "0.9.3"
source = "registry+https://github.com/rust-lang/crates.io-index"
checksum = "5fecdca9a5291cc2b8dcf7dc02453fee791a280f3743cb0905f8822ae463b3fe"

[[package]]
name = "void"
version = "1.0.2"
source = "registry+https://github.com/rust-lang/crates.io-index"
checksum = "6a02e4885ed3bc0f2de90ea6dd45ebcbb66dacffe03547fadbb0eeae2770887d"

[[package]]
name = "volatile-register"
version = "0.2.0"
source = "registry+https://github.com/rust-lang/crates.io-index"
checksum = "0d67cb4616d99b940db1d6bd28844ff97108b498a6ca850e5b6191a532063286"
dependencies = [
 "vcell",
]

[[package]]
name = "which"
version = "3.1.1"
source = "registry+https://github.com/rust-lang/crates.io-index"
checksum = "d011071ae14a2f6671d0b74080ae0cd8ebf3a6f8c9589a2cd45f23126fe29724"
dependencies = [
 "libc",
]

[[package]]
name = "winapi"
version = "0.3.9"
source = "registry+https://github.com/rust-lang/crates.io-index"
checksum = "5c839a674fcd7a98952e593242ea400abe93992746761e38641405d28b00f419"
dependencies = [
 "winapi-i686-pc-windows-gnu",
 "winapi-x86_64-pc-windows-gnu",
]

[[package]]
name = "winapi-i686-pc-windows-gnu"
version = "0.4.0"
source = "registry+https://github.com/rust-lang/crates.io-index"
checksum = "ac3b87c63620426dd9b991e5ce0329eff545bccbbb34f3be09ff6fb6ab51b7b6"

[[package]]
name = "winapi-util"
version = "0.1.5"
source = "registry+https://github.com/rust-lang/crates.io-index"
checksum = "70ec6ce85bb158151cae5e5c87f95a8e97d2c0c4b001223f33a334e3ce5de178"
dependencies = [
 "winapi",
]

[[package]]
name = "winapi-x86_64-pc-windows-gnu"
version = "0.4.0"
source = "registry+https://github.com/rust-lang/crates.io-index"
checksum = "712e227841d057c1ee1cd2fb22fa7e5a5461ae8e48fa2ca79ec42cfc1931183f"
